// !$*UTF8*$!
{
	archiveVersion = 1;
	classes = {
	};
	objectVersion = 48;
	objects = {

/* Begin PBXBuildFile section */
		0B1801781FD92B93005DE47C /* HomeCollectionViewCell.m in Sources */ = {isa = PBXBuildFile; fileRef = 0B1801771FD92B93005DE47C /* HomeCollectionViewCell.m */; };
		0BE4983D1FD7B459004B93C5 /* Assets.xcassets in Resources */ = {isa = PBXBuildFile; fileRef = 0BE4983C1FD7B459004B93C5 /* Assets.xcassets */; };
		0BE498401FD7B459004B93C5 /* LaunchScreen.storyboard in Resources */ = {isa = PBXBuildFile; fileRef = 0BE4983E1FD7B459004B93C5 /* LaunchScreen.storyboard */; };
		0BE498431FD7B459004B93C5 /* main.m in Sources */ = {isa = PBXBuildFile; fileRef = 0BE498421FD7B459004B93C5 /* main.m */; };
		0BE4984D1FD7B459004B93C5 /* H_doctorTests.m in Sources */ = {isa = PBXBuildFile; fileRef = 0BE4984C1FD7B459004B93C5 /* H_doctorTests.m */; };
		0BE498581FD7B459004B93C5 /* H_doctorUITests.m in Sources */ = {isa = PBXBuildFile; fileRef = 0BE498571FD7B459004B93C5 /* H_doctorUITests.m */; };
		0BE49A871FD7B9E8004B93C5 /* BaseViewController.m in Sources */ = {isa = PBXBuildFile; fileRef = 0BE498671FD7B9E8004B93C5 /* BaseViewController.m */; };
		0BE49A881FD7B9E8004B93C5 /* BaseRequestService.m in Sources */ = {isa = PBXBuildFile; fileRef = 0BE4986A1FD7B9E8004B93C5 /* BaseRequestService.m */; };
		0BE49A891FD7B9E8004B93C5 /* NSString+Hash.m in Sources */ = {isa = PBXBuildFile; fileRef = 0BE4986E1FD7B9E8004B93C5 /* NSString+Hash.m */; };
		0BE49A8A1FD7B9E8004B93C5 /* WRCellView.m in Sources */ = {isa = PBXBuildFile; fileRef = 0BE498711FD7B9E8004B93C5 /* WRCellView.m */; };
		0BE49A8B1FD7B9E8004B93C5 /* GVUserDefaults.m in Sources */ = {isa = PBXBuildFile; fileRef = 0BE498751FD7B9E8004B93C5 /* GVUserDefaults.m */; };
		0BE49BA81FD7B9E9004B93C5 /* JFCityCollectionViewCell.m in Sources */ = {isa = PBXBuildFile; fileRef = 0BE49A311FD7B9E8004B93C5 /* JFCityCollectionViewCell.m */; };
		0BE49BA91FD7B9E9004B93C5 /* JFLocation.m in Sources */ = {isa = PBXBuildFile; fileRef = 0BE49A331FD7B9E8004B93C5 /* JFLocation.m */; };
		0BE49BAA1FD7B9E9004B93C5 /* JFAreaDataManager.m in Sources */ = {isa = PBXBuildFile; fileRef = 0BE49A371FD7B9E8004B93C5 /* JFAreaDataManager.m */; };
		0BE49BAB1FD7B9E9004B93C5 /* JFCityHeaderView.m in Sources */ = {isa = PBXBuildFile; fileRef = 0BE49A391FD7B9E8004B93C5 /* JFCityHeaderView.m */; };
		0BE49BAC1FD7B9E9004B93C5 /* JFSearchView.m in Sources */ = {isa = PBXBuildFile; fileRef = 0BE49A3A1FD7B9E8004B93C5 /* JFSearchView.m */; };
		0BE49BAD1FD7B9E9004B93C5 /* JFCityViewController.m in Sources */ = {isa = PBXBuildFile; fileRef = 0BE49A3B1FD7B9E8004B93C5 /* JFCityViewController.m */; };
		0BE49BAE1FD7B9E9004B93C5 /* JFCityTableViewCell.m in Sources */ = {isa = PBXBuildFile; fileRef = 0BE49A3C1FD7B9E8004B93C5 /* JFCityTableViewCell.m */; };
		0BE49BAF1FD7B9E9004B93C5 /* JFCityCollectionFlowLayout.m in Sources */ = {isa = PBXBuildFile; fileRef = 0BE49A3D1FD7B9E8004B93C5 /* JFCityCollectionFlowLayout.m */; };
		0BE49BB01FD7B9E9004B93C5 /* JFButton.m in Sources */ = {isa = PBXBuildFile; fileRef = 0BE49A3F1FD7B9E8004B93C5 /* JFButton.m */; };
		0BE49BB11FD7B9E9004B93C5 /* shop_area.sqlite in Resources */ = {isa = PBXBuildFile; fileRef = 0BE49A431FD7B9E8004B93C5 /* shop_area.sqlite */; };
		0BE49BB21FD7B9E9004B93C5 /* MPRequstFailedHelper.m in Sources */ = {isa = PBXBuildFile; fileRef = 0BE49A491FD7B9E8004B93C5 /* MPRequstFailedHelper.m */; };
		0BE49BB51FD7B9E9004B93C5 /* uploadImageService.m in Sources */ = {isa = PBXBuildFile; fileRef = 0BE49A501FD7B9E8004B93C5 /* uploadImageService.m */; };
		0BE49BB61FD7B9E9004B93C5 /* UIView+NTES.m in Sources */ = {isa = PBXBuildFile; fileRef = 0BE49A541FD7B9E8004B93C5 /* UIView+NTES.m */; };
		0BE49BB71FD7B9E9004B93C5 /* UIImage+Color.m in Sources */ = {isa = PBXBuildFile; fileRef = 0BE49A571FD7B9E8004B93C5 /* UIImage+Color.m */; };
		0BE49BB81FD7B9E9004B93C5 /* UIButton+Line.m in Sources */ = {isa = PBXBuildFile; fileRef = 0BE49A5A1FD7B9E8004B93C5 /* UIButton+Line.m */; };
		0BE49BB91FD7B9E9004B93C5 /* UIImageView+CornerRadius.m in Sources */ = {isa = PBXBuildFile; fileRef = 0BE49A5D1FD7B9E8004B93C5 /* UIImageView+CornerRadius.m */; };
		0BE49BBA1FD7B9E9004B93C5 /* UITextField+Line.m in Sources */ = {isa = PBXBuildFile; fileRef = 0BE49A611FD7B9E8004B93C5 /* UITextField+Line.m */; };
		0BE49BBB1FD7B9E9004B93C5 /* MBProgressHUD+MP.m in Sources */ = {isa = PBXBuildFile; fileRef = 0BE49A631FD7B9E8004B93C5 /* MBProgressHUD+MP.m */; };
		0BE49BBC1FD7B9E9004B93C5 /* UIView+LCFetchController.m in Sources */ = {isa = PBXBuildFile; fileRef = 0BE49A691FD7B9E8004B93C5 /* UIView+LCFetchController.m */; };
		0BE49BBD1FD7B9E9004B93C5 /* UITableView+LCTableHeader.m in Sources */ = {isa = PBXBuildFile; fileRef = 0BE49A6A1FD7B9E8004B93C5 /* UITableView+LCTableHeader.m */; };
		0BE49BBE1FD7B9E9004B93C5 /* UILabel+LCConvenience.m in Sources */ = {isa = PBXBuildFile; fileRef = 0BE49A6D1FD7B9E8004B93C5 /* UILabel+LCConvenience.m */; };
		0BE49BBF1FD7B9E9004B93C5 /* UIButton+LCAlignment.m in Sources */ = {isa = PBXBuildFile; fileRef = 0BE49A701FD7B9E8004B93C5 /* UIButton+LCAlignment.m */; };
		0BE49BC01FD7B9E9004B93C5 /* UIColor+LCHexValue.m in Sources */ = {isa = PBXBuildFile; fileRef = 0BE49A711FD7B9E8004B93C5 /* UIColor+LCHexValue.m */; };
		0BE49BC21FD7B9E9004B93C5 /* GVUserDefaults+BBProperties.m in Sources */ = {isa = PBXBuildFile; fileRef = 0BE49A751FD7B9E8004B93C5 /* GVUserDefaults+BBProperties.m */; };
		0BE49BC31FD7B9E9004B93C5 /* UIBarButtonItem+YFItem.m in Sources */ = {isa = PBXBuildFile; fileRef = 0BE49A761FD7B9E8004B93C5 /* UIBarButtonItem+YFItem.m */; };
		0BE49BC61FD7B9E9004B93C5 /* AppDelegate.m in Sources */ = {isa = PBXBuildFile; fileRef = 0BE49A831FD7B9E8004B93C5 /* AppDelegate.m */; };
		0BE49BD01FD7D244004B93C5 /* LoginViewController.m in Sources */ = {isa = PBXBuildFile; fileRef = 0BE49BCF1FD7D244004B93C5 /* LoginViewController.m */; };
		0BE49BD31FD7D5AF004B93C5 /* TabBarConfig.m in Sources */ = {isa = PBXBuildFile; fileRef = 0BE49BD11FD7D5AF004B93C5 /* TabBarConfig.m */; };
		0BE49BD81FD7D7F8004B93C5 /* HomeViewController.m in Sources */ = {isa = PBXBuildFile; fileRef = 0BE49BD71FD7D7F8004B93C5 /* HomeViewController.m */; };
		0BE49BDD1FD7D875004B93C5 /* PatientViewController.m in Sources */ = {isa = PBXBuildFile; fileRef = 0BE49BDC1FD7D875004B93C5 /* PatientViewController.m */; };
		0BE49BE21FD7D88D004B93C5 /* MineViewController.m in Sources */ = {isa = PBXBuildFile; fileRef = 0BE49BE11FD7D88D004B93C5 /* MineViewController.m */; };
		2AD3CACF5DBD02DD4CA1F50F /* libPods-H_doctor.a in Frameworks */ = {isa = PBXBuildFile; fileRef = 2B4097F3500E63F88C96F430 /* libPods-H_doctor.a */; };
/* End PBXBuildFile section */

/* Begin PBXContainerItemProxy section */
		0BE498491FD7B459004B93C5 /* PBXContainerItemProxy */ = {
			isa = PBXContainerItemProxy;
			containerPortal = 0BE498281FD7B459004B93C5 /* Project object */;
			proxyType = 1;
			remoteGlobalIDString = 0BE4982F1FD7B459004B93C5;
			remoteInfo = H_doctor;
		};
		0BE498541FD7B459004B93C5 /* PBXContainerItemProxy */ = {
			isa = PBXContainerItemProxy;
			containerPortal = 0BE498281FD7B459004B93C5 /* Project object */;
			proxyType = 1;
			remoteGlobalIDString = 0BE4982F1FD7B459004B93C5;
			remoteInfo = H_doctor;
		};
/* End PBXContainerItemProxy section */

/* Begin PBXFileReference section */
		0B1801761FD92B93005DE47C /* HomeCollectionViewCell.h */ = {isa = PBXFileReference; lastKnownFileType = sourcecode.c.h; path = HomeCollectionViewCell.h; sourceTree = "<group>"; };
		0B1801771FD92B93005DE47C /* HomeCollectionViewCell.m */ = {isa = PBXFileReference; lastKnownFileType = sourcecode.c.objc; path = HomeCollectionViewCell.m; sourceTree = "<group>"; };
		0BE498301FD7B459004B93C5 /* H_doctor.app */ = {isa = PBXFileReference; explicitFileType = wrapper.application; includeInIndex = 0; path = H_doctor.app; sourceTree = BUILT_PRODUCTS_DIR; };
		0BE4983C1FD7B459004B93C5 /* Assets.xcassets */ = {isa = PBXFileReference; lastKnownFileType = folder.assetcatalog; path = Assets.xcassets; sourceTree = "<group>"; };
		0BE4983F1FD7B459004B93C5 /* Base */ = {isa = PBXFileReference; lastKnownFileType = file.storyboard; name = Base; path = Base.lproj/LaunchScreen.storyboard; sourceTree = "<group>"; };
		0BE498411FD7B459004B93C5 /* Info.plist */ = {isa = PBXFileReference; lastKnownFileType = text.plist.xml; path = Info.plist; sourceTree = "<group>"; };
		0BE498421FD7B459004B93C5 /* main.m */ = {isa = PBXFileReference; lastKnownFileType = sourcecode.c.objc; path = main.m; sourceTree = "<group>"; };
		0BE498481FD7B459004B93C5 /* H_doctorTests.xctest */ = {isa = PBXFileReference; explicitFileType = wrapper.cfbundle; includeInIndex = 0; path = H_doctorTests.xctest; sourceTree = BUILT_PRODUCTS_DIR; };
		0BE4984C1FD7B459004B93C5 /* H_doctorTests.m */ = {isa = PBXFileReference; lastKnownFileType = sourcecode.c.objc; path = H_doctorTests.m; sourceTree = "<group>"; };
		0BE4984E1FD7B459004B93C5 /* Info.plist */ = {isa = PBXFileReference; lastKnownFileType = text.plist.xml; path = Info.plist; sourceTree = "<group>"; };
		0BE498531FD7B459004B93C5 /* H_doctorUITests.xctest */ = {isa = PBXFileReference; explicitFileType = wrapper.cfbundle; includeInIndex = 0; path = H_doctorUITests.xctest; sourceTree = BUILT_PRODUCTS_DIR; };
		0BE498571FD7B459004B93C5 /* H_doctorUITests.m */ = {isa = PBXFileReference; lastKnownFileType = sourcecode.c.objc; path = H_doctorUITests.m; sourceTree = "<group>"; };
		0BE498591FD7B459004B93C5 /* Info.plist */ = {isa = PBXFileReference; lastKnownFileType = text.plist.xml; path = Info.plist; sourceTree = "<group>"; };
		0BE498671FD7B9E8004B93C5 /* BaseViewController.m */ = {isa = PBXFileReference; fileEncoding = 4; lastKnownFileType = sourcecode.c.objc; path = BaseViewController.m; sourceTree = "<group>"; };
		0BE498681FD7B9E8004B93C5 /* BaseViewController.h */ = {isa = PBXFileReference; fileEncoding = 4; lastKnownFileType = sourcecode.c.h; path = BaseViewController.h; sourceTree = "<group>"; };
		0BE4986A1FD7B9E8004B93C5 /* BaseRequestService.m */ = {isa = PBXFileReference; fileEncoding = 4; lastKnownFileType = sourcecode.c.objc; path = BaseRequestService.m; sourceTree = "<group>"; };
		0BE4986B1FD7B9E8004B93C5 /* BaseRequestService.h */ = {isa = PBXFileReference; fileEncoding = 4; lastKnownFileType = sourcecode.c.h; path = BaseRequestService.h; sourceTree = "<group>"; };
		0BE4986E1FD7B9E8004B93C5 /* NSString+Hash.m */ = {isa = PBXFileReference; fileEncoding = 4; lastKnownFileType = sourcecode.c.objc; path = "NSString+Hash.m"; sourceTree = "<group>"; };
		0BE4986F1FD7B9E8004B93C5 /* NSString+Hash.h */ = {isa = PBXFileReference; fileEncoding = 4; lastKnownFileType = sourcecode.c.h; path = "NSString+Hash.h"; sourceTree = "<group>"; };
		0BE498711FD7B9E8004B93C5 /* WRCellView.m */ = {isa = PBXFileReference; fileEncoding = 4; lastKnownFileType = sourcecode.c.objc; path = WRCellView.m; sourceTree = "<group>"; };
		0BE498721FD7B9E8004B93C5 /* WRCellView.h */ = {isa = PBXFileReference; fileEncoding = 4; lastKnownFileType = sourcecode.c.h; path = WRCellView.h; sourceTree = "<group>"; };
		0BE498741FD7B9E8004B93C5 /* GVUserDefaults.h */ = {isa = PBXFileReference; fileEncoding = 4; lastKnownFileType = sourcecode.c.h; path = GVUserDefaults.h; sourceTree = "<group>"; };
		0BE498751FD7B9E8004B93C5 /* GVUserDefaults.m */ = {isa = PBXFileReference; fileEncoding = 4; lastKnownFileType = sourcecode.c.objc; path = GVUserDefaults.m; sourceTree = "<group>"; };
		0BE498841FD7B9E8004B93C5 /* KeyboardManager.h */ = {isa = PBXFileReference; fileEncoding = 4; lastKnownFileType = sourcecode.c.h; path = KeyboardManager.h; sourceTree = "<group>"; };
		0BE49A301FD7B9E8004B93C5 /* JFCityCollectionFlowLayout.h */ = {isa = PBXFileReference; fileEncoding = 4; lastKnownFileType = sourcecode.c.h; path = JFCityCollectionFlowLayout.h; sourceTree = "<group>"; };
		0BE49A311FD7B9E8004B93C5 /* JFCityCollectionViewCell.m */ = {isa = PBXFileReference; fileEncoding = 4; lastKnownFileType = sourcecode.c.objc; path = JFCityCollectionViewCell.m; sourceTree = "<group>"; };
		0BE49A331FD7B9E8004B93C5 /* JFLocation.m */ = {isa = PBXFileReference; fileEncoding = 4; lastKnownFileType = sourcecode.c.objc; path = JFLocation.m; sourceTree = "<group>"; };
		0BE49A341FD7B9E8004B93C5 /* JFLocation.h */ = {isa = PBXFileReference; fileEncoding = 4; lastKnownFileType = sourcecode.c.h; path = JFLocation.h; sourceTree = "<group>"; };
		0BE49A361FD7B9E8004B93C5 /* JFAreaDataManager.h */ = {isa = PBXFileReference; fileEncoding = 4; lastKnownFileType = sourcecode.c.h; path = JFAreaDataManager.h; sourceTree = "<group>"; };
		0BE49A371FD7B9E8004B93C5 /* JFAreaDataManager.m */ = {isa = PBXFileReference; fileEncoding = 4; lastKnownFileType = sourcecode.c.objc; path = JFAreaDataManager.m; sourceTree = "<group>"; };
		0BE49A381FD7B9E8004B93C5 /* JFButton.h */ = {isa = PBXFileReference; fileEncoding = 4; lastKnownFileType = sourcecode.c.h; path = JFButton.h; sourceTree = "<group>"; };
		0BE49A391FD7B9E8004B93C5 /* JFCityHeaderView.m */ = {isa = PBXFileReference; fileEncoding = 4; lastKnownFileType = sourcecode.c.objc; path = JFCityHeaderView.m; sourceTree = "<group>"; };
		0BE49A3A1FD7B9E8004B93C5 /* JFSearchView.m */ = {isa = PBXFileReference; fileEncoding = 4; lastKnownFileType = sourcecode.c.objc; path = JFSearchView.m; sourceTree = "<group>"; };
		0BE49A3B1FD7B9E8004B93C5 /* JFCityViewController.m */ = {isa = PBXFileReference; fileEncoding = 4; lastKnownFileType = sourcecode.c.objc; path = JFCityViewController.m; sourceTree = "<group>"; };
		0BE49A3C1FD7B9E8004B93C5 /* JFCityTableViewCell.m */ = {isa = PBXFileReference; fileEncoding = 4; lastKnownFileType = sourcecode.c.objc; path = JFCityTableViewCell.m; sourceTree = "<group>"; };
		0BE49A3D1FD7B9E8004B93C5 /* JFCityCollectionFlowLayout.m */ = {isa = PBXFileReference; fileEncoding = 4; lastKnownFileType = sourcecode.c.objc; path = JFCityCollectionFlowLayout.m; sourceTree = "<group>"; };
		0BE49A3E1FD7B9E8004B93C5 /* JFCityCollectionViewCell.h */ = {isa = PBXFileReference; fileEncoding = 4; lastKnownFileType = sourcecode.c.h; path = JFCityCollectionViewCell.h; sourceTree = "<group>"; };
		0BE49A3F1FD7B9E8004B93C5 /* JFButton.m */ = {isa = PBXFileReference; fileEncoding = 4; lastKnownFileType = sourcecode.c.objc; path = JFButton.m; sourceTree = "<group>"; };
		0BE49A401FD7B9E8004B93C5 /* JFCityViewController.h */ = {isa = PBXFileReference; fileEncoding = 4; lastKnownFileType = sourcecode.c.h; path = JFCityViewController.h; sourceTree = "<group>"; };
		0BE49A411FD7B9E8004B93C5 /* JFCityTableViewCell.h */ = {isa = PBXFileReference; fileEncoding = 4; lastKnownFileType = sourcecode.c.h; path = JFCityTableViewCell.h; sourceTree = "<group>"; };
		0BE49A431FD7B9E8004B93C5 /* shop_area.sqlite */ = {isa = PBXFileReference; lastKnownFileType = file; path = shop_area.sqlite; sourceTree = "<group>"; };
		0BE49A441FD7B9E8004B93C5 /* JFSearchView.h */ = {isa = PBXFileReference; fileEncoding = 4; lastKnownFileType = sourcecode.c.h; path = JFSearchView.h; sourceTree = "<group>"; };
		0BE49A451FD7B9E8004B93C5 /* JFCityHeaderView.h */ = {isa = PBXFileReference; fileEncoding = 4; lastKnownFileType = sourcecode.c.h; path = JFCityHeaderView.h; sourceTree = "<group>"; };
		0BE49A481FD7B9E8004B93C5 /* MPRequstFailedHelper.h */ = {isa = PBXFileReference; fileEncoding = 4; lastKnownFileType = sourcecode.c.h; path = MPRequstFailedHelper.h; sourceTree = "<group>"; };
		0BE49A491FD7B9E8004B93C5 /* MPRequstFailedHelper.m */ = {isa = PBXFileReference; fileEncoding = 4; lastKnownFileType = sourcecode.c.objc; path = MPRequstFailedHelper.m; sourceTree = "<group>"; };
		0BE49A4D1FD7B9E8004B93C5 /* uploadImageService.h */ = {isa = PBXFileReference; fileEncoding = 4; lastKnownFileType = sourcecode.c.h; path = uploadImageService.h; sourceTree = "<group>"; };
		0BE49A501FD7B9E8004B93C5 /* uploadImageService.m */ = {isa = PBXFileReference; fileEncoding = 4; lastKnownFileType = sourcecode.c.objc; path = uploadImageService.m; sourceTree = "<group>"; };
		0BE49A541FD7B9E8004B93C5 /* UIView+NTES.m */ = {isa = PBXFileReference; fileEncoding = 4; lastKnownFileType = sourcecode.c.objc; path = "UIView+NTES.m"; sourceTree = "<group>"; };
		0BE49A561FD7B9E8004B93C5 /* UIImage+Color.h */ = {isa = PBXFileReference; fileEncoding = 4; lastKnownFileType = sourcecode.c.h; path = "UIImage+Color.h"; sourceTree = "<group>"; };
		0BE49A571FD7B9E8004B93C5 /* UIImage+Color.m */ = {isa = PBXFileReference; fileEncoding = 4; lastKnownFileType = sourcecode.c.objc; path = "UIImage+Color.m"; sourceTree = "<group>"; };
		0BE49A591FD7B9E8004B93C5 /* UIButton+Line.h */ = {isa = PBXFileReference; fileEncoding = 4; lastKnownFileType = sourcecode.c.h; path = "UIButton+Line.h"; sourceTree = "<group>"; };
		0BE49A5A1FD7B9E8004B93C5 /* UIButton+Line.m */ = {isa = PBXFileReference; fileEncoding = 4; lastKnownFileType = sourcecode.c.objc; path = "UIButton+Line.m"; sourceTree = "<group>"; };
		0BE49A5C1FD7B9E8004B93C5 /* UIImageView+CornerRadius.h */ = {isa = PBXFileReference; fileEncoding = 4; lastKnownFileType = sourcecode.c.h; path = "UIImageView+CornerRadius.h"; sourceTree = "<group>"; };
		0BE49A5D1FD7B9E8004B93C5 /* UIImageView+CornerRadius.m */ = {isa = PBXFileReference; fileEncoding = 4; lastKnownFileType = sourcecode.c.objc; path = "UIImageView+CornerRadius.m"; sourceTree = "<group>"; };
		0BE49A5E1FD7B9E8004B93C5 /* UIView+NTES.h */ = {isa = PBXFileReference; fileEncoding = 4; lastKnownFileType = sourcecode.c.h; path = "UIView+NTES.h"; sourceTree = "<group>"; };
		0BE49A601FD7B9E8004B93C5 /* UITextField+Line.h */ = {isa = PBXFileReference; fileEncoding = 4; lastKnownFileType = sourcecode.c.h; path = "UITextField+Line.h"; sourceTree = "<group>"; };
		0BE49A611FD7B9E8004B93C5 /* UITextField+Line.m */ = {isa = PBXFileReference; fileEncoding = 4; lastKnownFileType = sourcecode.c.objc; path = "UITextField+Line.m"; sourceTree = "<group>"; };
		0BE49A631FD7B9E8004B93C5 /* MBProgressHUD+MP.m */ = {isa = PBXFileReference; fileEncoding = 4; lastKnownFileType = sourcecode.c.objc; path = "MBProgressHUD+MP.m"; sourceTree = "<group>"; };
		0BE49A641FD7B9E8004B93C5 /* GVUserDefaults+BBProperties.h */ = {isa = PBXFileReference; fileEncoding = 4; lastKnownFileType = sourcecode.c.h; path = "GVUserDefaults+BBProperties.h"; sourceTree = "<group>"; };
		0BE49A671FD7B9E8004B93C5 /* LCUIKit.h */ = {isa = PBXFileReference; fileEncoding = 4; lastKnownFileType = sourcecode.c.h; path = LCUIKit.h; sourceTree = "<group>"; };
		0BE49A681FD7B9E8004B93C5 /* UILabel+LCConvenience.h */ = {isa = PBXFileReference; fileEncoding = 4; lastKnownFileType = sourcecode.c.h; path = "UILabel+LCConvenience.h"; sourceTree = "<group>"; };
		0BE49A691FD7B9E8004B93C5 /* UIView+LCFetchController.m */ = {isa = PBXFileReference; fileEncoding = 4; lastKnownFileType = sourcecode.c.objc; path = "UIView+LCFetchController.m"; sourceTree = "<group>"; };
		0BE49A6A1FD7B9E8004B93C5 /* UITableView+LCTableHeader.m */ = {isa = PBXFileReference; fileEncoding = 4; lastKnownFileType = sourcecode.c.objc; path = "UITableView+LCTableHeader.m"; sourceTree = "<group>"; };
		0BE49A6B1FD7B9E8004B93C5 /* UIButton+LCAlignment.h */ = {isa = PBXFileReference; fileEncoding = 4; lastKnownFileType = sourcecode.c.h; path = "UIButton+LCAlignment.h"; sourceTree = "<group>"; };
		0BE49A6C1FD7B9E8004B93C5 /* UIColor+LCHexValue.h */ = {isa = PBXFileReference; fileEncoding = 4; lastKnownFileType = sourcecode.c.h; path = "UIColor+LCHexValue.h"; sourceTree = "<group>"; };
		0BE49A6D1FD7B9E8004B93C5 /* UILabel+LCConvenience.m */ = {isa = PBXFileReference; fileEncoding = 4; lastKnownFileType = sourcecode.c.objc; path = "UILabel+LCConvenience.m"; sourceTree = "<group>"; };
		0BE49A6E1FD7B9E8004B93C5 /* UITableView+LCTableHeader.h */ = {isa = PBXFileReference; fileEncoding = 4; lastKnownFileType = sourcecode.c.h; path = "UITableView+LCTableHeader.h"; sourceTree = "<group>"; };
		0BE49A6F1FD7B9E8004B93C5 /* UIView+LCFetchController.h */ = {isa = PBXFileReference; fileEncoding = 4; lastKnownFileType = sourcecode.c.h; path = "UIView+LCFetchController.h"; sourceTree = "<group>"; };
		0BE49A701FD7B9E8004B93C5 /* UIButton+LCAlignment.m */ = {isa = PBXFileReference; fileEncoding = 4; lastKnownFileType = sourcecode.c.objc; path = "UIButton+LCAlignment.m"; sourceTree = "<group>"; };
		0BE49A711FD7B9E8004B93C5 /* UIColor+LCHexValue.m */ = {isa = PBXFileReference; fileEncoding = 4; lastKnownFileType = sourcecode.c.objc; path = "UIColor+LCHexValue.m"; sourceTree = "<group>"; };
		0BE49A721FD7B9E8004B93C5 /* UIBarButtonItem+YFItem.h */ = {isa = PBXFileReference; fileEncoding = 4; lastKnownFileType = sourcecode.c.h; path = "UIBarButtonItem+YFItem.h"; sourceTree = "<group>"; };
		0BE49A731FD7B9E8004B93C5 /* MBProgressHUD+MP.h */ = {isa = PBXFileReference; fileEncoding = 4; lastKnownFileType = sourcecode.c.h; path = "MBProgressHUD+MP.h"; sourceTree = "<group>"; };
		0BE49A751FD7B9E8004B93C5 /* GVUserDefaults+BBProperties.m */ = {isa = PBXFileReference; fileEncoding = 4; lastKnownFileType = sourcecode.c.objc; path = "GVUserDefaults+BBProperties.m"; sourceTree = "<group>"; };
		0BE49A761FD7B9E8004B93C5 /* UIBarButtonItem+YFItem.m */ = {isa = PBXFileReference; fileEncoding = 4; lastKnownFileType = sourcecode.c.objc; path = "UIBarButtonItem+YFItem.m"; sourceTree = "<group>"; };
		0BE49A7D1FD7B9E8004B93C5 /* Macros.h */ = {isa = PBXFileReference; fileEncoding = 4; lastKnownFileType = sourcecode.c.h; path = Macros.h; sourceTree = "<group>"; };
		0BE49A7E1FD7B9E8004B93C5 /* ThirdMacros.h */ = {isa = PBXFileReference; fileEncoding = 4; lastKnownFileType = sourcecode.c.h; path = ThirdMacros.h; sourceTree = "<group>"; };
		0BE49A821FD7B9E8004B93C5 /* AppDelegate.h */ = {isa = PBXFileReference; fileEncoding = 4; lastKnownFileType = sourcecode.c.h; path = AppDelegate.h; sourceTree = "<group>"; };
		0BE49A831FD7B9E8004B93C5 /* AppDelegate.m */ = {isa = PBXFileReference; fileEncoding = 4; lastKnownFileType = sourcecode.c.objc; path = AppDelegate.m; sourceTree = "<group>"; };
		0BE49BC91FD7BAA3004B93C5 /* doctor.pch */ = {isa = PBXFileReference; lastKnownFileType = sourcecode.c.h; path = doctor.pch; sourceTree = "<group>"; };
		0BE49BCE1FD7D244004B93C5 /* LoginViewController.h */ = {isa = PBXFileReference; lastKnownFileType = sourcecode.c.h; path = LoginViewController.h; sourceTree = "<group>"; };
		0BE49BCF1FD7D244004B93C5 /* LoginViewController.m */ = {isa = PBXFileReference; lastKnownFileType = sourcecode.c.objc; path = LoginViewController.m; sourceTree = "<group>"; };
		0BE49BD11FD7D5AF004B93C5 /* TabBarConfig.m */ = {isa = PBXFileReference; fileEncoding = 4; lastKnownFileType = sourcecode.c.objc; name = TabBarConfig.m; path = ../../../../ymer_ios/hospital/hospital/Resource/AppDelegate/TabBarConfig.m; sourceTree = "<group>"; };
		0BE49BD21FD7D5AF004B93C5 /* TabBarConfig.h */ = {isa = PBXFileReference; fileEncoding = 4; lastKnownFileType = sourcecode.c.h; name = TabBarConfig.h; path = ../../../../ymer_ios/hospital/hospital/Resource/AppDelegate/TabBarConfig.h; sourceTree = "<group>"; };
		0BE49BD61FD7D7F8004B93C5 /* HomeViewController.h */ = {isa = PBXFileReference; lastKnownFileType = sourcecode.c.h; path = HomeViewController.h; sourceTree = "<group>"; };
		0BE49BD71FD7D7F8004B93C5 /* HomeViewController.m */ = {isa = PBXFileReference; lastKnownFileType = sourcecode.c.objc; path = HomeViewController.m; sourceTree = "<group>"; };
		0BE49BDB1FD7D875004B93C5 /* PatientViewController.h */ = {isa = PBXFileReference; lastKnownFileType = sourcecode.c.h; path = PatientViewController.h; sourceTree = "<group>"; };
		0BE49BDC1FD7D875004B93C5 /* PatientViewController.m */ = {isa = PBXFileReference; lastKnownFileType = sourcecode.c.objc; path = PatientViewController.m; sourceTree = "<group>"; };
		0BE49BE01FD7D88D004B93C5 /* MineViewController.h */ = {isa = PBXFileReference; lastKnownFileType = sourcecode.c.h; path = MineViewController.h; sourceTree = "<group>"; };
		0BE49BE11FD7D88D004B93C5 /* MineViewController.m */ = {isa = PBXFileReference; lastKnownFileType = sourcecode.c.objc; path = MineViewController.m; sourceTree = "<group>"; };
		2B4097F3500E63F88C96F430 /* libPods-H_doctor.a */ = {isa = PBXFileReference; explicitFileType = archive.ar; includeInIndex = 0; path = "libPods-H_doctor.a"; sourceTree = BUILT_PRODUCTS_DIR; };
		48C1DF2686A90C7169B52B08 /* Pods-H_doctor.debug.xcconfig */ = {isa = PBXFileReference; includeInIndex = 1; lastKnownFileType = text.xcconfig; name = "Pods-H_doctor.debug.xcconfig"; path = "Pods/Target Support Files/Pods-H_doctor/Pods-H_doctor.debug.xcconfig"; sourceTree = "<group>"; };
		7906DAB60CA3777F858AD5BA /* Pods-H_doctor.release.xcconfig */ = {isa = PBXFileReference; includeInIndex = 1; lastKnownFileType = text.xcconfig; name = "Pods-H_doctor.release.xcconfig"; path = "Pods/Target Support Files/Pods-H_doctor/Pods-H_doctor.release.xcconfig"; sourceTree = "<group>"; };
/* End PBXFileReference section */

/* Begin PBXFrameworksBuildPhase section */
		0BE4982D1FD7B459004B93C5 /* Frameworks */ = {
			isa = PBXFrameworksBuildPhase;
			buildActionMask = 2147483647;
			files = (
				2AD3CACF5DBD02DD4CA1F50F /* libPods-H_doctor.a in Frameworks */,
			);
			runOnlyForDeploymentPostprocessing = 0;
		};
		0BE498451FD7B459004B93C5 /* Frameworks */ = {
			isa = PBXFrameworksBuildPhase;
			buildActionMask = 2147483647;
			files = (
			);
			runOnlyForDeploymentPostprocessing = 0;
		};
		0BE498501FD7B459004B93C5 /* Frameworks */ = {
			isa = PBXFrameworksBuildPhase;
			buildActionMask = 2147483647;
			files = (
			);
			runOnlyForDeploymentPostprocessing = 0;
		};
/* End PBXFrameworksBuildPhase section */

/* Begin PBXGroup section */
		0B1801751FD92B6E005DE47C /* View */ = {
			isa = PBXGroup;
			children = (
				0B1801761FD92B93005DE47C /* HomeCollectionViewCell.h */,
				0B1801771FD92B93005DE47C /* HomeCollectionViewCell.m */,
			);
			path = View;
			sourceTree = "<group>";
		};
		0BE498271FD7B459004B93C5 = {
			isa = PBXGroup;
			children = (
				0BE498321FD7B459004B93C5 /* H_doctor */,
				0BE4984B1FD7B459004B93C5 /* H_doctorTests */,
				0BE498561FD7B459004B93C5 /* H_doctorUITests */,
				0BE498311FD7B459004B93C5 /* Products */,
				D2CD88053DD2134F155035E6 /* Pods */,
				78F054DD5EE367116C9904BD /* Frameworks */,
			);
			sourceTree = "<group>";
		};
		0BE498311FD7B459004B93C5 /* Products */ = {
			isa = PBXGroup;
			children = (
				0BE498301FD7B459004B93C5 /* H_doctor.app */,
				0BE498481FD7B459004B93C5 /* H_doctorTests.xctest */,
				0BE498531FD7B459004B93C5 /* H_doctorUITests.xctest */,
			);
			name = Products;
			sourceTree = "<group>";
		};
		0BE498321FD7B459004B93C5 /* H_doctor */ = {
			isa = PBXGroup;
			children = (
				0BE498651FD7B9E8004B93C5 /* Base */,
				0BE49A511FD7B9E8004B93C5 /* Expand */,
				0BE49A861FD7B9E8004B93C5 /* Main */,
				0BE49A461FD7B9E8004B93C5 /* Public */,
				0BE49A801FD7B9E8004B93C5 /* Resource */,
				0BE4986C1FD7B9E8004B93C5 /* Vender */,
			);
			path = H_doctor;
			sourceTree = "<group>";
		};
		0BE4984B1FD7B459004B93C5 /* H_doctorTests */ = {
			isa = PBXGroup;
			children = (
				0BE4984C1FD7B459004B93C5 /* H_doctorTests.m */,
				0BE4984E1FD7B459004B93C5 /* Info.plist */,
			);
			path = H_doctorTests;
			sourceTree = "<group>";
		};
		0BE498561FD7B459004B93C5 /* H_doctorUITests */ = {
			isa = PBXGroup;
			children = (
				0BE498571FD7B459004B93C5 /* H_doctorUITests.m */,
				0BE498591FD7B459004B93C5 /* Info.plist */,
			);
			path = H_doctorUITests;
			sourceTree = "<group>";
		};
		0BE498651FD7B9E8004B93C5 /* Base */ = {
			isa = PBXGroup;
			children = (
				0BE498661FD7B9E8004B93C5 /* BaseNavigationController */,
				0BE498691FD7B9E8004B93C5 /* BaseService */,
			);
			path = Base;
			sourceTree = "<group>";
		};
		0BE498661FD7B9E8004B93C5 /* BaseNavigationController */ = {
			isa = PBXGroup;
			children = (
				0BE498671FD7B9E8004B93C5 /* BaseViewController.m */,
				0BE498681FD7B9E8004B93C5 /* BaseViewController.h */,
			);
			path = BaseNavigationController;
			sourceTree = "<group>";
		};
		0BE498691FD7B9E8004B93C5 /* BaseService */ = {
			isa = PBXGroup;
			children = (
				0BE4986A1FD7B9E8004B93C5 /* BaseRequestService.m */,
				0BE4986B1FD7B9E8004B93C5 /* BaseRequestService.h */,
			);
			path = BaseService;
			sourceTree = "<group>";
		};
		0BE4986C1FD7B9E8004B93C5 /* Vender */ = {
			isa = PBXGroup;
			children = (
				0BE4986D1FD7B9E8004B93C5 /* Security(MD5) */,
				0BE498701FD7B9E8004B93C5 /* WRCellView */,
				0BE498731FD7B9E8004B93C5 /* GVUserDefaults */,
				0BE498841FD7B9E8004B93C5 /* KeyboardManager.h */,
				0BE49A2F1FD7B9E8004B93C5 /* JFCityViewController */,
			);
			path = Vender;
			sourceTree = "<group>";
		};
		0BE4986D1FD7B9E8004B93C5 /* Security(MD5) */ = {
			isa = PBXGroup;
			children = (
				0BE4986E1FD7B9E8004B93C5 /* NSString+Hash.m */,
				0BE4986F1FD7B9E8004B93C5 /* NSString+Hash.h */,
			);
			path = "Security(MD5)";
			sourceTree = "<group>";
		};
		0BE498701FD7B9E8004B93C5 /* WRCellView */ = {
			isa = PBXGroup;
			children = (
				0BE498711FD7B9E8004B93C5 /* WRCellView.m */,
				0BE498721FD7B9E8004B93C5 /* WRCellView.h */,
			);
			path = WRCellView;
			sourceTree = "<group>";
		};
		0BE498731FD7B9E8004B93C5 /* GVUserDefaults */ = {
			isa = PBXGroup;
			children = (
				0BE498741FD7B9E8004B93C5 /* GVUserDefaults.h */,
				0BE498751FD7B9E8004B93C5 /* GVUserDefaults.m */,
			);
			path = GVUserDefaults;
			sourceTree = "<group>";
		};
		0BE49A2F1FD7B9E8004B93C5 /* JFCityViewController */ = {
			isa = PBXGroup;
			children = (
				0BE49A301FD7B9E8004B93C5 /* JFCityCollectionFlowLayout.h */,
				0BE49A311FD7B9E8004B93C5 /* JFCityCollectionViewCell.m */,
				0BE49A321FD7B9E8004B93C5 /* Location */,
				0BE49A351FD7B9E8004B93C5 /* AreaDataManager */,
				0BE49A381FD7B9E8004B93C5 /* JFButton.h */,
				0BE49A391FD7B9E8004B93C5 /* JFCityHeaderView.m */,
				0BE49A3A1FD7B9E8004B93C5 /* JFSearchView.m */,
				0BE49A3B1FD7B9E8004B93C5 /* JFCityViewController.m */,
				0BE49A3C1FD7B9E8004B93C5 /* JFCityTableViewCell.m */,
				0BE49A3D1FD7B9E8004B93C5 /* JFCityCollectionFlowLayout.m */,
				0BE49A3E1FD7B9E8004B93C5 /* JFCityCollectionViewCell.h */,
				0BE49A3F1FD7B9E8004B93C5 /* JFButton.m */,
				0BE49A401FD7B9E8004B93C5 /* JFCityViewController.h */,
				0BE49A411FD7B9E8004B93C5 /* JFCityTableViewCell.h */,
				0BE49A421FD7B9E8004B93C5 /* AreaDB */,
				0BE49A441FD7B9E8004B93C5 /* JFSearchView.h */,
				0BE49A451FD7B9E8004B93C5 /* JFCityHeaderView.h */,
			);
			path = JFCityViewController;
			sourceTree = "<group>";
		};
		0BE49A321FD7B9E8004B93C5 /* Location */ = {
			isa = PBXGroup;
			children = (
				0BE49A331FD7B9E8004B93C5 /* JFLocation.m */,
				0BE49A341FD7B9E8004B93C5 /* JFLocation.h */,
			);
			path = Location;
			sourceTree = "<group>";
		};
		0BE49A351FD7B9E8004B93C5 /* AreaDataManager */ = {
			isa = PBXGroup;
			children = (
				0BE49A361FD7B9E8004B93C5 /* JFAreaDataManager.h */,
				0BE49A371FD7B9E8004B93C5 /* JFAreaDataManager.m */,
			);
			path = AreaDataManager;
			sourceTree = "<group>";
		};
		0BE49A421FD7B9E8004B93C5 /* AreaDB */ = {
			isa = PBXGroup;
			children = (
				0BE49A431FD7B9E8004B93C5 /* shop_area.sqlite */,
			);
			path = AreaDB;
			sourceTree = "<group>";
		};
		0BE49A461FD7B9E8004B93C5 /* Public */ = {
			isa = PBXGroup;
			children = (
				0BE49A471FD7B9E8004B93C5 /* Other */,
				0BE49A4A1FD7B9E8004B93C5 /* Service */,
			);
			path = Public;
			sourceTree = "<group>";
		};
		0BE49A471FD7B9E8004B93C5 /* Other */ = {
			isa = PBXGroup;
			children = (
				0BE49A481FD7B9E8004B93C5 /* MPRequstFailedHelper.h */,
				0BE49A491FD7B9E8004B93C5 /* MPRequstFailedHelper.m */,
			);
			path = Other;
			sourceTree = "<group>";
		};
		0BE49A4A1FD7B9E8004B93C5 /* Service */ = {
			isa = PBXGroup;
			children = (
				0BE49A4D1FD7B9E8004B93C5 /* uploadImageService.h */,
				0BE49A501FD7B9E8004B93C5 /* uploadImageService.m */,
			);
			path = Service;
			sourceTree = "<group>";
		};
		0BE49A511FD7B9E8004B93C5 /* Expand */ = {
			isa = PBXGroup;
			children = (
				0BE49A521FD7B9E8004B93C5 /* Category */,
				0BE49A7C1FD7B9E8004B93C5 /* Macros */,
				0BE49A7F1FD7B9E8004B93C5 /* Tool */,
			);
			path = Expand;
			sourceTree = "<group>";
		};
		0BE49A521FD7B9E8004B93C5 /* Category */ = {
			isa = PBXGroup;
			children = (
				0BE49A531FD7B9E8004B93C5 /* UIKit */,
				0BE49A621FD7B9E8004B93C5 /* Other */,
			);
			path = Category;
			sourceTree = "<group>";
		};
		0BE49A531FD7B9E8004B93C5 /* UIKit */ = {
			isa = PBXGroup;
			children = (
				0BE49A541FD7B9E8004B93C5 /* UIView+NTES.m */,
				0BE49A551FD7B9E8004B93C5 /* UIImage */,
				0BE49A581FD7B9E8004B93C5 /* UIButton */,
				0BE49A5B1FD7B9E8004B93C5 /* UIImageView */,
				0BE49A5E1FD7B9E8004B93C5 /* UIView+NTES.h */,
				0BE49A5F1FD7B9E8004B93C5 /* UITextField */,
			);
			path = UIKit;
			sourceTree = "<group>";
		};
		0BE49A551FD7B9E8004B93C5 /* UIImage */ = {
			isa = PBXGroup;
			children = (
				0BE49A561FD7B9E8004B93C5 /* UIImage+Color.h */,
				0BE49A571FD7B9E8004B93C5 /* UIImage+Color.m */,
			);
			path = UIImage;
			sourceTree = "<group>";
		};
		0BE49A581FD7B9E8004B93C5 /* UIButton */ = {
			isa = PBXGroup;
			children = (
				0BE49A591FD7B9E8004B93C5 /* UIButton+Line.h */,
				0BE49A5A1FD7B9E8004B93C5 /* UIButton+Line.m */,
			);
			path = UIButton;
			sourceTree = "<group>";
		};
		0BE49A5B1FD7B9E8004B93C5 /* UIImageView */ = {
			isa = PBXGroup;
			children = (
				0BE49A5C1FD7B9E8004B93C5 /* UIImageView+CornerRadius.h */,
				0BE49A5D1FD7B9E8004B93C5 /* UIImageView+CornerRadius.m */,
			);
			path = UIImageView;
			sourceTree = "<group>";
		};
		0BE49A5F1FD7B9E8004B93C5 /* UITextField */ = {
			isa = PBXGroup;
			children = (
				0BE49A601FD7B9E8004B93C5 /* UITextField+Line.h */,
				0BE49A611FD7B9E8004B93C5 /* UITextField+Line.m */,
			);
			path = UITextField;
			sourceTree = "<group>";
		};
		0BE49A621FD7B9E8004B93C5 /* Other */ = {
			isa = PBXGroup;
			children = (
				0BE49A661FD7B9E8004B93C5 /* LCUIKit */,
				0BE49A731FD7B9E8004B93C5 /* MBProgressHUD+MP.h */,
				0BE49A631FD7B9E8004B93C5 /* MBProgressHUD+MP.m */,
				0BE49A641FD7B9E8004B93C5 /* GVUserDefaults+BBProperties.h */,
				0BE49A751FD7B9E8004B93C5 /* GVUserDefaults+BBProperties.m */,
				0BE49A721FD7B9E8004B93C5 /* UIBarButtonItem+YFItem.h */,
				0BE49A761FD7B9E8004B93C5 /* UIBarButtonItem+YFItem.m */,
			);
			path = Other;
			sourceTree = "<group>";
		};
		0BE49A661FD7B9E8004B93C5 /* LCUIKit */ = {
			isa = PBXGroup;
			children = (
				0BE49A671FD7B9E8004B93C5 /* LCUIKit.h */,
				0BE49A681FD7B9E8004B93C5 /* UILabel+LCConvenience.h */,
				0BE49A691FD7B9E8004B93C5 /* UIView+LCFetchController.m */,
				0BE49A6A1FD7B9E8004B93C5 /* UITableView+LCTableHeader.m */,
				0BE49A6B1FD7B9E8004B93C5 /* UIButton+LCAlignment.h */,
				0BE49A6C1FD7B9E8004B93C5 /* UIColor+LCHexValue.h */,
				0BE49A6D1FD7B9E8004B93C5 /* UILabel+LCConvenience.m */,
				0BE49A6E1FD7B9E8004B93C5 /* UITableView+LCTableHeader.h */,
				0BE49A6F1FD7B9E8004B93C5 /* UIView+LCFetchController.h */,
				0BE49A701FD7B9E8004B93C5 /* UIButton+LCAlignment.m */,
				0BE49A711FD7B9E8004B93C5 /* UIColor+LCHexValue.m */,
			);
			path = LCUIKit;
			sourceTree = "<group>";
		};
		0BE49A7C1FD7B9E8004B93C5 /* Macros */ = {
			isa = PBXGroup;
			children = (
				0BE49A7D1FD7B9E8004B93C5 /* Macros.h */,
				0BE49A7E1FD7B9E8004B93C5 /* ThirdMacros.h */,
			);
			path = Macros;
			sourceTree = "<group>";
		};
		0BE49A7F1FD7B9E8004B93C5 /* Tool */ = {
			isa = PBXGroup;
			children = (
			);
			path = Tool;
			sourceTree = "<group>";
		};
		0BE49A801FD7B9E8004B93C5 /* Resource */ = {
			isa = PBXGroup;
			children = (
				0BE49BC81FD7BA39004B93C5 /* Image */,
				0BE49BC71FD7BA1B004B93C5 /* Plist */,
				0BE49A811FD7B9E8004B93C5 /* AppDelegate */,
				0BE49A841FD7B9E8004B93C5 /* Global */,
			);
			path = Resource;
			sourceTree = "<group>";
		};
		0BE49A811FD7B9E8004B93C5 /* AppDelegate */ = {
			isa = PBXGroup;
			children = (
				0BE49BD21FD7D5AF004B93C5 /* TabBarConfig.h */,
				0BE49BD11FD7D5AF004B93C5 /* TabBarConfig.m */,
				0BE49A821FD7B9E8004B93C5 /* AppDelegate.h */,
				0BE49A831FD7B9E8004B93C5 /* AppDelegate.m */,
			);
			path = AppDelegate;
			sourceTree = "<group>";
		};
		0BE49A841FD7B9E8004B93C5 /* Global */ = {
			isa = PBXGroup;
			children = (
				0BE498421FD7B459004B93C5 /* main.m */,
				0BE4983E1FD7B459004B93C5 /* LaunchScreen.storyboard */,
				0BE49BC91FD7BAA3004B93C5 /* doctor.pch */,
			);
			path = Global;
			sourceTree = "<group>";
		};
		0BE49A861FD7B9E8004B93C5 /* Main */ = {
			isa = PBXGroup;
			children = (
				0BE49BDE1FD7D87B004B93C5 /* Mine */,
				0BE49BD91FD7D853004B93C5 /* Patient */,
				0BE49BD41FD7D7DB004B93C5 /* Home */,
				0BE49BCD1FD7D22D004B93C5 /* Login */,
			);
			path = Main;
			sourceTree = "<group>";
		};
		0BE49BC71FD7BA1B004B93C5 /* Plist */ = {
			isa = PBXGroup;
			children = (
				0BE498411FD7B459004B93C5 /* Info.plist */,
			);
			name = Plist;
			sourceTree = "<group>";
		};
		0BE49BC81FD7BA39004B93C5 /* Image */ = {
			isa = PBXGroup;
			children = (
				0BE4983C1FD7B459004B93C5 /* Assets.xcassets */,
			);
			name = Image;
			sourceTree = "<group>";
		};
		0BE49BCD1FD7D22D004B93C5 /* Login */ = {
			isa = PBXGroup;
			children = (
				0BE49BCE1FD7D244004B93C5 /* LoginViewController.h */,
				0BE49BCF1FD7D244004B93C5 /* LoginViewController.m */,
			);
			path = Login;
			sourceTree = "<group>";
		};
		0BE49BD41FD7D7DB004B93C5 /* Home */ = {
			isa = PBXGroup;
			children = (
				0BE49BD51FD7D7E7004B93C5 /* Controller */,
				0B1801751FD92B6E005DE47C /* View */,
			);
			path = Home;
			sourceTree = "<group>";
		};
		0BE49BD51FD7D7E7004B93C5 /* Controller */ = {
			isa = PBXGroup;
			children = (
				0BE49BD61FD7D7F8004B93C5 /* HomeViewController.h */,
				0BE49BD71FD7D7F8004B93C5 /* HomeViewController.m */,
			);
			path = Controller;
			sourceTree = "<group>";
		};
		0BE49BD91FD7D853004B93C5 /* Patient */ = {
			isa = PBXGroup;
			children = (
				0BE49BDA1FD7D866004B93C5 /* Controller */,
			);
			path = Patient;
			sourceTree = "<group>";
		};
		0BE49BDA1FD7D866004B93C5 /* Controller */ = {
			isa = PBXGroup;
			children = (
				0BE49BDB1FD7D875004B93C5 /* PatientViewController.h */,
				0BE49BDC1FD7D875004B93C5 /* PatientViewController.m */,
			);
			path = Controller;
			sourceTree = "<group>";
		};
		0BE49BDE1FD7D87B004B93C5 /* Mine */ = {
			isa = PBXGroup;
			children = (
				0BE49BDF1FD7D880004B93C5 /* Cotroller */,
			);
			path = Mine;
			sourceTree = "<group>";
		};
		0BE49BDF1FD7D880004B93C5 /* Cotroller */ = {
			isa = PBXGroup;
			children = (
				0BE49BE01FD7D88D004B93C5 /* MineViewController.h */,
				0BE49BE11FD7D88D004B93C5 /* MineViewController.m */,
			);
			path = Cotroller;
			sourceTree = "<group>";
		};
		78F054DD5EE367116C9904BD /* Frameworks */ = {
			isa = PBXGroup;
			children = (
				2B4097F3500E63F88C96F430 /* libPods-H_doctor.a */,
			);
			name = Frameworks;
			sourceTree = "<group>";
		};
		D2CD88053DD2134F155035E6 /* Pods */ = {
			isa = PBXGroup;
			children = (
				48C1DF2686A90C7169B52B08 /* Pods-H_doctor.debug.xcconfig */,
				7906DAB60CA3777F858AD5BA /* Pods-H_doctor.release.xcconfig */,
			);
			name = Pods;
			sourceTree = "<group>";
		};
/* End PBXGroup section */

/* Begin PBXNativeTarget section */
		0BE4982F1FD7B459004B93C5 /* H_doctor */ = {
			isa = PBXNativeTarget;
			buildConfigurationList = 0BE4985C1FD7B459004B93C5 /* Build configuration list for PBXNativeTarget "H_doctor" */;
			buildPhases = (
				774799579294F6F065BEA001 /* [CP] Check Pods Manifest.lock */,
				0BE4982C1FD7B459004B93C5 /* Sources */,
				0BE4982D1FD7B459004B93C5 /* Frameworks */,
				0BE4982E1FD7B459004B93C5 /* Resources */,
				F69F94BEFDDE3BEDD4EE6639 /* [CP] Embed Pods Frameworks */,
				3040ACE2935E08506DE3AA95 /* [CP] Copy Pods Resources */,
			);
			buildRules = (
			);
			dependencies = (
			);
			name = H_doctor;
			productName = H_doctor;
			productReference = 0BE498301FD7B459004B93C5 /* H_doctor.app */;
			productType = "com.apple.product-type.application";
		};
		0BE498471FD7B459004B93C5 /* H_doctorTests */ = {
			isa = PBXNativeTarget;
			buildConfigurationList = 0BE4985F1FD7B459004B93C5 /* Build configuration list for PBXNativeTarget "H_doctorTests" */;
			buildPhases = (
				0BE498441FD7B459004B93C5 /* Sources */,
				0BE498451FD7B459004B93C5 /* Frameworks */,
				0BE498461FD7B459004B93C5 /* Resources */,
			);
			buildRules = (
			);
			dependencies = (
				0BE4984A1FD7B459004B93C5 /* PBXTargetDependency */,
			);
			name = H_doctorTests;
			productName = H_doctorTests;
			productReference = 0BE498481FD7B459004B93C5 /* H_doctorTests.xctest */;
			productType = "com.apple.product-type.bundle.unit-test";
		};
		0BE498521FD7B459004B93C5 /* H_doctorUITests */ = {
			isa = PBXNativeTarget;
			buildConfigurationList = 0BE498621FD7B459004B93C5 /* Build configuration list for PBXNativeTarget "H_doctorUITests" */;
			buildPhases = (
				0BE4984F1FD7B459004B93C5 /* Sources */,
				0BE498501FD7B459004B93C5 /* Frameworks */,
				0BE498511FD7B459004B93C5 /* Resources */,
			);
			buildRules = (
			);
			dependencies = (
				0BE498551FD7B459004B93C5 /* PBXTargetDependency */,
			);
			name = H_doctorUITests;
			productName = H_doctorUITests;
			productReference = 0BE498531FD7B459004B93C5 /* H_doctorUITests.xctest */;
			productType = "com.apple.product-type.bundle.ui-testing";
		};
/* End PBXNativeTarget section */

/* Begin PBXProject section */
		0BE498281FD7B459004B93C5 /* Project object */ = {
			isa = PBXProject;
			attributes = {
				LastUpgradeCheck = 0910;
				ORGANIZATIONNAME = zhiren;
				TargetAttributes = {
					0BE4982F1FD7B459004B93C5 = {
						CreatedOnToolsVersion = 9.1;
						ProvisioningStyle = Automatic;
					};
					0BE498471FD7B459004B93C5 = {
						CreatedOnToolsVersion = 9.1;
						ProvisioningStyle = Automatic;
						TestTargetID = 0BE4982F1FD7B459004B93C5;
					};
					0BE498521FD7B459004B93C5 = {
						CreatedOnToolsVersion = 9.1;
						ProvisioningStyle = Automatic;
						TestTargetID = 0BE4982F1FD7B459004B93C5;
					};
				};
			};
			buildConfigurationList = 0BE4982B1FD7B459004B93C5 /* Build configuration list for PBXProject "H_doctor" */;
			compatibilityVersion = "Xcode 8.0";
			developmentRegion = en;
			hasScannedForEncodings = 0;
			knownRegions = (
				en,
				Base,
			);
			mainGroup = 0BE498271FD7B459004B93C5;
			productRefGroup = 0BE498311FD7B459004B93C5 /* Products */;
			projectDirPath = "";
			projectRoot = "";
			targets = (
				0BE4982F1FD7B459004B93C5 /* H_doctor */,
				0BE498471FD7B459004B93C5 /* H_doctorTests */,
				0BE498521FD7B459004B93C5 /* H_doctorUITests */,
			);
		};
/* End PBXProject section */

/* Begin PBXResourcesBuildPhase section */
		0BE4982E1FD7B459004B93C5 /* Resources */ = {
			isa = PBXResourcesBuildPhase;
			buildActionMask = 2147483647;
			files = (
				0BE49BB11FD7B9E9004B93C5 /* shop_area.sqlite in Resources */,
				0BE498401FD7B459004B93C5 /* LaunchScreen.storyboard in Resources */,
				0BE4983D1FD7B459004B93C5 /* Assets.xcassets in Resources */,
			);
			runOnlyForDeploymentPostprocessing = 0;
		};
		0BE498461FD7B459004B93C5 /* Resources */ = {
			isa = PBXResourcesBuildPhase;
			buildActionMask = 2147483647;
			files = (
			);
			runOnlyForDeploymentPostprocessing = 0;
		};
		0BE498511FD7B459004B93C5 /* Resources */ = {
			isa = PBXResourcesBuildPhase;
			buildActionMask = 2147483647;
			files = (
			);
			runOnlyForDeploymentPostprocessing = 0;
		};
/* End PBXResourcesBuildPhase section */

/* Begin PBXShellScriptBuildPhase section */
		3040ACE2935E08506DE3AA95 /* [CP] Copy Pods Resources */ = {
			isa = PBXShellScriptBuildPhase;
			buildActionMask = 2147483647;
			files = (
			);
			inputPaths = (
				"${SRCROOT}/Pods/Target Support Files/Pods-H_doctor/Pods-H_doctor-resources.sh",
				"${PODS_ROOT}/EasyNavigation/EasyNavigation/EasyNavButton.bundle",
				"${PODS_ROOT}/IQKeyboardManager/IQKeyboardManager/Resources/IQKeyboardManager.bundle",
				"${PODS_ROOT}/MJRefresh/MJRefresh/MJRefresh.bundle",
				"${PODS_ROOT}/TZImagePickerController/TZImagePickerController/TZImagePickerController/TZImagePickerController.bundle",
			);
			name = "[CP] Copy Pods Resources";
			outputPaths = (
				"${TARGET_BUILD_DIR}/${UNLOCALIZED_RESOURCES_FOLDER_PATH}",
			);
			runOnlyForDeploymentPostprocessing = 0;
			shellPath = /bin/sh;
			shellScript = "\"${SRCROOT}/Pods/Target Support Files/Pods-H_doctor/Pods-H_doctor-resources.sh\"\n";
			showEnvVarsInLog = 0;
		};
		774799579294F6F065BEA001 /* [CP] Check Pods Manifest.lock */ = {
			isa = PBXShellScriptBuildPhase;
			buildActionMask = 2147483647;
			files = (
			);
			inputPaths = (
				"${PODS_PODFILE_DIR_PATH}/Podfile.lock",
				"${PODS_ROOT}/Manifest.lock",
			);
			name = "[CP] Check Pods Manifest.lock";
			outputPaths = (
				"$(DERIVED_FILE_DIR)/Pods-H_doctor-checkManifestLockResult.txt",
			);
			runOnlyForDeploymentPostprocessing = 0;
			shellPath = /bin/sh;
			shellScript = "diff \"${PODS_PODFILE_DIR_PATH}/Podfile.lock\" \"${PODS_ROOT}/Manifest.lock\" > /dev/null\nif [ $? != 0 ] ; then\n    # print error to STDERR\n    echo \"error: The sandbox is not in sync with the Podfile.lock. Run 'pod install' or update your CocoaPods installation.\" >&2\n    exit 1\nfi\n# This output is used by Xcode 'outputs' to avoid re-running this script phase.\necho \"SUCCESS\" > \"${SCRIPT_OUTPUT_FILE_0}\"\n";
			showEnvVarsInLog = 0;
		};
		F69F94BEFDDE3BEDD4EE6639 /* [CP] Embed Pods Frameworks */ = {
			isa = PBXShellScriptBuildPhase;
			buildActionMask = 2147483647;
			files = (
			);
			inputPaths = (
			);
			name = "[CP] Embed Pods Frameworks";
			outputPaths = (
			);
			runOnlyForDeploymentPostprocessing = 0;
			shellPath = /bin/sh;
			shellScript = "\"${SRCROOT}/Pods/Target Support Files/Pods-H_doctor/Pods-H_doctor-frameworks.sh\"\n";
			showEnvVarsInLog = 0;
		};
/* End PBXShellScriptBuildPhase section */

/* Begin PBXSourcesBuildPhase section */
		0BE4982C1FD7B459004B93C5 /* Sources */ = {
			isa = PBXSourcesBuildPhase;
			buildActionMask = 2147483647;
			files = (
				0BE49BB81FD7B9E9004B93C5 /* UIButton+Line.m in Sources */,
				0BE49BAA1FD7B9E9004B93C5 /* JFAreaDataManager.m in Sources */,
				0BE49BA91FD7B9E9004B93C5 /* JFLocation.m in Sources */,
				0BE49BB61FD7B9E9004B93C5 /* UIView+NTES.m in Sources */,
				0BE49A881FD7B9E8004B93C5 /* BaseRequestService.m in Sources */,
				0BE49BBA1FD7B9E9004B93C5 /* UITextField+Line.m in Sources */,
				0BE49BE21FD7D88D004B93C5 /* MineViewController.m in Sources */,
				0BE49A891FD7B9E8004B93C5 /* NSString+Hash.m in Sources */,
				0BE49BBB1FD7B9E9004B93C5 /* MBProgressHUD+MP.m in Sources */,
				0BE49BAE1FD7B9E9004B93C5 /* JFCityTableViewCell.m in Sources */,
				0BE498431FD7B459004B93C5 /* main.m in Sources */,
				0BE49BB51FD7B9E9004B93C5 /* uploadImageService.m in Sources */,
				0BE49BBE1FD7B9E9004B93C5 /* UILabel+LCConvenience.m in Sources */,
				0BE49BAD1FD7B9E9004B93C5 /* JFCityViewController.m in Sources */,
				0BE49BBC1FD7B9E9004B93C5 /* UIView+LCFetchController.m in Sources */,
				0BE49A871FD7B9E8004B93C5 /* BaseViewController.m in Sources */,
				0BE49BBF1FD7B9E9004B93C5 /* UIButton+LCAlignment.m in Sources */,
				0BE49BAF1FD7B9E9004B93C5 /* JFCityCollectionFlowLayout.m in Sources */,
				0BE49BB91FD7B9E9004B93C5 /* UIImageView+CornerRadius.m in Sources */,
				0BE49BBD1FD7B9E9004B93C5 /* UITableView+LCTableHeader.m in Sources */,
				0BE49BC61FD7B9E9004B93C5 /* AppDelegate.m in Sources */,
				0BE49BD81FD7D7F8004B93C5 /* HomeViewController.m in Sources */,
				0BE49BC21FD7B9E9004B93C5 /* GVUserDefaults+BBProperties.m in Sources */,
				0BE49BB21FD7B9E9004B93C5 /* MPRequstFailedHelper.m in Sources */,
				0BE49BAB1FD7B9E9004B93C5 /* JFCityHeaderView.m in Sources */,
				0BE49BC31FD7B9E9004B93C5 /* UIBarButtonItem+YFItem.m in Sources */,
				0BE49BD31FD7D5AF004B93C5 /* TabBarConfig.m in Sources */,
				0BE49BDD1FD7D875004B93C5 /* PatientViewController.m in Sources */,
				0B1801781FD92B93005DE47C /* HomeCollectionViewCell.m in Sources */,
				0BE49BA81FD7B9E9004B93C5 /* JFCityCollectionViewCell.m in Sources */,
				0BE49A8A1FD7B9E8004B93C5 /* WRCellView.m in Sources */,
				0BE49A8B1FD7B9E8004B93C5 /* GVUserDefaults.m in Sources */,
				0BE49BD01FD7D244004B93C5 /* LoginViewController.m in Sources */,
				0BE49BAC1FD7B9E9004B93C5 /* JFSearchView.m in Sources */,
				0BE49BC01FD7B9E9004B93C5 /* UIColor+LCHexValue.m in Sources */,
				0BE49BB71FD7B9E9004B93C5 /* UIImage+Color.m in Sources */,
				0BE49BB01FD7B9E9004B93C5 /* JFButton.m in Sources */,
			);
			runOnlyForDeploymentPostprocessing = 0;
		};
		0BE498441FD7B459004B93C5 /* Sources */ = {
			isa = PBXSourcesBuildPhase;
			buildActionMask = 2147483647;
			files = (
				0BE4984D1FD7B459004B93C5 /* H_doctorTests.m in Sources */,
			);
			runOnlyForDeploymentPostprocessing = 0;
		};
		0BE4984F1FD7B459004B93C5 /* Sources */ = {
			isa = PBXSourcesBuildPhase;
			buildActionMask = 2147483647;
			files = (
				0BE498581FD7B459004B93C5 /* H_doctorUITests.m in Sources */,
			);
			runOnlyForDeploymentPostprocessing = 0;
		};
/* End PBXSourcesBuildPhase section */

/* Begin PBXTargetDependency section */
		0BE4984A1FD7B459004B93C5 /* PBXTargetDependency */ = {
			isa = PBXTargetDependency;
			target = 0BE4982F1FD7B459004B93C5 /* H_doctor */;
			targetProxy = 0BE498491FD7B459004B93C5 /* PBXContainerItemProxy */;
		};
		0BE498551FD7B459004B93C5 /* PBXTargetDependency */ = {
			isa = PBXTargetDependency;
			target = 0BE4982F1FD7B459004B93C5 /* H_doctor */;
			targetProxy = 0BE498541FD7B459004B93C5 /* PBXContainerItemProxy */;
		};
/* End PBXTargetDependency section */

/* Begin PBXVariantGroup section */
		0BE4983E1FD7B459004B93C5 /* LaunchScreen.storyboard */ = {
			isa = PBXVariantGroup;
			children = (
				0BE4983F1FD7B459004B93C5 /* Base */,
			);
			name = LaunchScreen.storyboard;
			sourceTree = "<group>";
		};
/* End PBXVariantGroup section */

/* Begin XCBuildConfiguration section */
		0BE4985A1FD7B459004B93C5 /* Debug */ = {
			isa = XCBuildConfiguration;
			buildSettings = {
				ALWAYS_SEARCH_USER_PATHS = NO;
				CLANG_ANALYZER_NONNULL = YES;
				CLANG_ANALYZER_NUMBER_OBJECT_CONVERSION = YES_AGGRESSIVE;
				CLANG_CXX_LANGUAGE_STANDARD = "gnu++14";
				CLANG_CXX_LIBRARY = "libc++";
				CLANG_ENABLE_MODULES = YES;
				CLANG_ENABLE_OBJC_ARC = YES;
				CLANG_WARN_BLOCK_CAPTURE_AUTORELEASING = YES;
				CLANG_WARN_BOOL_CONVERSION = YES;
				CLANG_WARN_COMMA = YES;
				CLANG_WARN_CONSTANT_CONVERSION = YES;
				CLANG_WARN_DIRECT_OBJC_ISA_USAGE = YES_ERROR;
				CLANG_WARN_DOCUMENTATION_COMMENTS = YES;
				CLANG_WARN_EMPTY_BODY = YES;
				CLANG_WARN_ENUM_CONVERSION = YES;
				CLANG_WARN_INFINITE_RECURSION = YES;
				CLANG_WARN_INT_CONVERSION = YES;
				CLANG_WARN_NON_LITERAL_NULL_CONVERSION = YES;
				CLANG_WARN_OBJC_LITERAL_CONVERSION = YES;
				CLANG_WARN_OBJC_ROOT_CLASS = YES_ERROR;
				CLANG_WARN_RANGE_LOOP_ANALYSIS = YES;
				CLANG_WARN_STRICT_PROTOTYPES = YES;
				CLANG_WARN_SUSPICIOUS_MOVE = YES;
				CLANG_WARN_UNGUARDED_AVAILABILITY = YES_AGGRESSIVE;
				CLANG_WARN_UNREACHABLE_CODE = YES;
				CLANG_WARN__DUPLICATE_METHOD_MATCH = YES;
				CODE_SIGN_IDENTITY = "iPhone Developer";
				COPY_PHASE_STRIP = NO;
				DEBUG_INFORMATION_FORMAT = dwarf;
				ENABLE_STRICT_OBJC_MSGSEND = YES;
				ENABLE_TESTABILITY = YES;
				GCC_C_LANGUAGE_STANDARD = gnu11;
				GCC_DYNAMIC_NO_PIC = NO;
				GCC_NO_COMMON_BLOCKS = YES;
				GCC_OPTIMIZATION_LEVEL = 0;
				GCC_PREPROCESSOR_DEFINITIONS = (
					"DEBUG=1",
					"$(inherited)",
				);
				GCC_WARN_64_TO_32_BIT_CONVERSION = YES;
				GCC_WARN_ABOUT_RETURN_TYPE = YES_ERROR;
				GCC_WARN_UNDECLARED_SELECTOR = YES;
				GCC_WARN_UNINITIALIZED_AUTOS = YES_AGGRESSIVE;
				GCC_WARN_UNUSED_FUNCTION = YES;
				GCC_WARN_UNUSED_VARIABLE = YES;
				IPHONEOS_DEPLOYMENT_TARGET = 11.1;
				MTL_ENABLE_DEBUG_INFO = YES;
				ONLY_ACTIVE_ARCH = YES;
				SDKROOT = iphoneos;
			};
			name = Debug;
		};
		0BE4985B1FD7B459004B93C5 /* Release */ = {
			isa = XCBuildConfiguration;
			buildSettings = {
				ALWAYS_SEARCH_USER_PATHS = NO;
				CLANG_ANALYZER_NONNULL = YES;
				CLANG_ANALYZER_NUMBER_OBJECT_CONVERSION = YES_AGGRESSIVE;
				CLANG_CXX_LANGUAGE_STANDARD = "gnu++14";
				CLANG_CXX_LIBRARY = "libc++";
				CLANG_ENABLE_MODULES = YES;
				CLANG_ENABLE_OBJC_ARC = YES;
				CLANG_WARN_BLOCK_CAPTURE_AUTORELEASING = YES;
				CLANG_WARN_BOOL_CONVERSION = YES;
				CLANG_WARN_COMMA = YES;
				CLANG_WARN_CONSTANT_CONVERSION = YES;
				CLANG_WARN_DIRECT_OBJC_ISA_USAGE = YES_ERROR;
				CLANG_WARN_DOCUMENTATION_COMMENTS = YES;
				CLANG_WARN_EMPTY_BODY = YES;
				CLANG_WARN_ENUM_CONVERSION = YES;
				CLANG_WARN_INFINITE_RECURSION = YES;
				CLANG_WARN_INT_CONVERSION = YES;
				CLANG_WARN_NON_LITERAL_NULL_CONVERSION = YES;
				CLANG_WARN_OBJC_LITERAL_CONVERSION = YES;
				CLANG_WARN_OBJC_ROOT_CLASS = YES_ERROR;
				CLANG_WARN_RANGE_LOOP_ANALYSIS = YES;
				CLANG_WARN_STRICT_PROTOTYPES = YES;
				CLANG_WARN_SUSPICIOUS_MOVE = YES;
				CLANG_WARN_UNGUARDED_AVAILABILITY = YES_AGGRESSIVE;
				CLANG_WARN_UNREACHABLE_CODE = YES;
				CLANG_WARN__DUPLICATE_METHOD_MATCH = YES;
				CODE_SIGN_IDENTITY = "iPhone Developer";
				COPY_PHASE_STRIP = NO;
				DEBUG_INFORMATION_FORMAT = "dwarf-with-dsym";
				ENABLE_NS_ASSERTIONS = NO;
				ENABLE_STRICT_OBJC_MSGSEND = YES;
				GCC_C_LANGUAGE_STANDARD = gnu11;
				GCC_NO_COMMON_BLOCKS = YES;
				GCC_WARN_64_TO_32_BIT_CONVERSION = YES;
				GCC_WARN_ABOUT_RETURN_TYPE = YES_ERROR;
				GCC_WARN_UNDECLARED_SELECTOR = YES;
				GCC_WARN_UNINITIALIZED_AUTOS = YES_AGGRESSIVE;
				GCC_WARN_UNUSED_FUNCTION = YES;
				GCC_WARN_UNUSED_VARIABLE = YES;
				IPHONEOS_DEPLOYMENT_TARGET = 11.1;
				MTL_ENABLE_DEBUG_INFO = NO;
				SDKROOT = iphoneos;
				VALIDATE_PRODUCT = YES;
			};
			name = Release;
		};
		0BE4985D1FD7B459004B93C5 /* Debug */ = {
			isa = XCBuildConfiguration;
			baseConfigurationReference = 48C1DF2686A90C7169B52B08 /* Pods-H_doctor.debug.xcconfig */;
			buildSettings = {
				ASSETCATALOG_COMPILER_APPICON_NAME = AppIcon;
				CODE_SIGN_STYLE = Automatic;
				DEVELOPMENT_TEAM = Y7VZLX4G4S;
				GCC_PREFIX_HEADER = "$(SRCROOT)/H_doctor/Resource/Global/doctor.pch";
				INFOPLIST_FILE = "$(SRCROOT)/H_doctor/Resource/Info.plist";
				IPHONEOS_DEPLOYMENT_TARGET = 9.0;
				LD_RUNPATH_SEARCH_PATHS = "$(inherited) @executable_path/Frameworks";
				PRODUCT_BUNDLE_IDENTIFIER = "com.zhiren.H-doctor";
				PRODUCT_NAME = "$(TARGET_NAME)";
				TARGETED_DEVICE_FAMILY = 1;
			};
			name = Debug;
		};
		0BE4985E1FD7B459004B93C5 /* Release */ = {
			isa = XCBuildConfiguration;
			baseConfigurationReference = 7906DAB60CA3777F858AD5BA /* Pods-H_doctor.release.xcconfig */;
			buildSettings = {
				ASSETCATALOG_COMPILER_APPICON_NAME = AppIcon;
				CODE_SIGN_STYLE = Automatic;
				DEVELOPMENT_TEAM = Y7VZLX4G4S;
				GCC_PREFIX_HEADER = "$(SRCROOT)/H_doctor/Resource/Global/doctor.pch";
				INFOPLIST_FILE = "$(SRCROOT)/H_doctor/Resource/Info.plist";
				IPHONEOS_DEPLOYMENT_TARGET = 9.0;
				LD_RUNPATH_SEARCH_PATHS = "$(inherited) @executable_path/Frameworks";
				PRODUCT_BUNDLE_IDENTIFIER = "com.zhiren.H-doctor";
				PRODUCT_NAME = "$(TARGET_NAME)";
				TARGETED_DEVICE_FAMILY = 1;
			};
			name = Release;
		};
		0BE498601FD7B459004B93C5 /* Debug */ = {
			isa = XCBuildConfiguration;
			buildSettings = {
				BUNDLE_LOADER = "$(TEST_HOST)";
				CODE_SIGN_STYLE = Automatic;
				DEVELOPMENT_TEAM = UJUS3F8AAR;
				INFOPLIST_FILE = H_doctorTests/Info.plist;
				LD_RUNPATH_SEARCH_PATHS = "$(inherited) @executable_path/Frameworks @loader_path/Frameworks";
				PRODUCT_BUNDLE_IDENTIFIER = "com.zhiren.doctor.H-doctorTests";
				PRODUCT_NAME = "$(TARGET_NAME)";
				TARGETED_DEVICE_FAMILY = "1,2";
				TEST_HOST = "$(BUILT_PRODUCTS_DIR)/H_doctor.app/H_doctor";
			};
			name = Debug;
		};
		0BE498611FD7B459004B93C5 /* Release */ = {
			isa = XCBuildConfiguration;
			buildSettings = {
				BUNDLE_LOADER = "$(TEST_HOST)";
				CODE_SIGN_STYLE = Automatic;
				DEVELOPMENT_TEAM = UJUS3F8AAR;
				INFOPLIST_FILE = H_doctorTests/Info.plist;
				LD_RUNPATH_SEARCH_PATHS = "$(inherited) @executable_path/Frameworks @loader_path/Frameworks";
				PRODUCT_BUNDLE_IDENTIFIER = "com.zhiren.doctor.H-doctorTests";
				PRODUCT_NAME = "$(TARGET_NAME)";
				TARGETED_DEVICE_FAMILY = "1,2";
				TEST_HOST = "$(BUILT_PRODUCTS_DIR)/H_doctor.app/H_doctor";
			};
			name = Release;
		};
		0BE498631FD7B459004B93C5 /* Debug */ = {
			isa = XCBuildConfiguration;
			buildSettings = {
				CODE_SIGN_STYLE = Automatic;
				DEVELOPMENT_TEAM = UJUS3F8AAR;
				INFOPLIST_FILE = H_doctorUITests/Info.plist;
				LD_RUNPATH_SEARCH_PATHS = "$(inherited) @executable_path/Frameworks @loader_path/Frameworks";
				PRODUCT_BUNDLE_IDENTIFIER = "com.zhiren.doctor.H-doctorUITests";
				PRODUCT_NAME = "$(TARGET_NAME)";
				TARGETED_DEVICE_FAMILY = "1,2";
				TEST_TARGET_NAME = H_doctor;
			};
			name = Debug;
		};
		0BE498641FD7B459004B93C5 /* Release */ = {
			isa = XCBuildConfiguration;
			buildSettings = {
				CODE_SIGN_STYLE = Automatic;
				DEVELOPMENT_TEAM = UJUS3F8AAR;
				INFOPLIST_FILE = H_doctorUITests/Info.plist;
				LD_RUNPATH_SEARCH_PATHS = "$(inherited) @executable_path/Frameworks @loader_path/Frameworks";
				PRODUCT_BUNDLE_IDENTIFIER = "com.zhiren.doctor.H-doctorUITests";
				PRODUCT_NAME = "$(TARGET_NAME)";
				TARGETED_DEVICE_FAMILY = "1,2";
				TEST_TARGET_NAME = H_doctor;
			};
			name = Release;
		};
/* End XCBuildConfiguration section */

/* Begin XCConfigurationList section */
		0BE4982B1FD7B459004B93C5 /* Build configuration list for PBXProject "H_doctor" */ = {
			isa = XCConfigurationList;
			buildConfigurations = (
				0BE4985A1FD7B459004B93C5 /* Debug */,
				0BE4985B1FD7B459004B93C5 /* Release */,
			);
			defaultConfigurationIsVisible = 0;
			defaultConfigurationName = Release;
		};
		0BE4985C1FD7B459004B93C5 /* Build configuration list for PBXNativeTarget "H_doctor" */ = {
			isa = XCConfigurationList;
			buildConfigurations = (
				0BE4985D1FD7B459004B93C5 /* Debug */,
				0BE4985E1FD7B459004B93C5 /* Release */,
			);
			defaultConfigurationIsVisible = 0;
			defaultConfigurationName = Release;
		};
		0BE4985F1FD7B459004B93C5 /* Build configuration list for PBXNativeTarget "H_doctorTests" */ = {
			isa = XCConfigurationList;
			buildConfigurations = (
				0BE498601FD7B459004B93C5 /* Debug */,
				0BE498611FD7B459004B93C5 /* Release */,
			);
			defaultConfigurationIsVisible = 0;
			defaultConfigurationName = Release;
		};
		0BE498621FD7B459004B93C5 /* Build configuration list for PBXNativeTarget "H_doctorUITests" */ = {
			isa = XCConfigurationList;
			buildConfigurations = (
				0BE498631FD7B459004B93C5 /* Debug */,
				0BE498641FD7B459004B93C5 /* Release */,
			);
			defaultConfigurationIsVisible = 0;
			defaultConfigurationName = Release;
		};
/* End XCConfigurationList section */
	};
	rootObject = 0BE498281FD7B459004B93C5 /* Project object */;
}
